# THIS IS AN AUTOGENERATED FILE. DO NOT EDIT THIS FILE DIRECTLY.
# yarn lockfile v1


"@swc-node/core@^1.9.0":
  version "1.9.0"
  resolved "https://registry.yarnpkg.com/@swc-node/core/-/core-1.9.0.tgz#f5208d575c1aed5a2cab7e4c04e46aca34d8c240"
  integrity sha512-vRnvsMtL9OxybA/Wun1ZhlDvB6MNs4Zujnina0VKdGk+yI6s87KUhdTcbAY6dQMZhQTLFiC1Lnv/BuwCKcCEug==
  dependencies:
    "@swc/core" "^1.2.172"

"@swc-node/register@^1.5.1":
  version "1.5.1"
  resolved "https://registry.yarnpkg.com/@swc-node/register/-/register-1.5.1.tgz#8927783c1a53207ded076d8700270f7941aa0305"
  integrity sha512-6IL5s4QShKGs08qAeNou3rDA3gbp2WHk6fo0XnJXQn/aC9k6FnVBbj/thGOIEDtgNhC/DKpZT8tCY1LpQnOZFg==
  dependencies:
    "@swc-node/core" "^1.9.0"
    "@swc-node/sourcemap-support" "^0.2.0"
    colorette "^2.0.16"
    debug "^4.3.4"
    pirates "^4.0.5"
    tslib "^2.4.0"

"@swc-node/sourcemap-support@^0.2.0":
  version "0.2.0"
  resolved "https://registry.yarnpkg.com/@swc-node/sourcemap-support/-/sourcemap-support-0.2.0.tgz#e9079f739921fbe5c49d85791703fcb1540c356b"
  integrity sha512-FNrxdI6XMYfoNt81L8eFKEm1d8P82I1nPwS3MrnBGzZoMWB+seQhQK+iN6M5RreJxXbfZw5lF86LRjHEQeGMqg==
  dependencies:
    source-map-support "^0.5.21"

"@swc/core-android-arm-eabi@1.2.187":
  version "1.2.187"
  resolved "https://registry.yarnpkg.com/@swc/core-android-arm-eabi/-/core-android-arm-eabi-1.2.187.tgz#85d5ec5ff6a752b73ceec9296d43bb072c41ac9d"
  integrity sha512-uD4bC+m+bnzYIf1deNqIRiVKMYxqWCzjS6YZMzyDjrNB1d1ZSJNL82JI62JHuEHHclE/OzRLBYA93gfsTHfQbw==

"@swc/core-android-arm64@1.2.187":
  version "1.2.187"
  resolved "https://registry.yarnpkg.com/@swc/core-android-arm64/-/core-android-arm64-1.2.187.tgz#28c08d5f214765db613824771e58d038caf9084e"
  integrity sha512-CUX7a6ODyzrZl2fRb6/c1XuEPMNueUHWRfnCKKwcL6LZh5DaOgYqW9nAZWGFuEMGXCkD8dAtJOAJ36NHeFv4Aw==

"@swc/core-darwin-arm64@1.2.187":
  version "1.2.187"
  resolved "https://registry.yarnpkg.com/@swc/core-darwin-arm64/-/core-darwin-arm64-1.2.187.tgz#2cfd559aff1bc72c5c354ac7a57c163e790c9526"
  integrity sha512-N4i+vPS0fGazVUOf32AhRwS40oxzRJxQiX/tUNQ0hC5T23fIjnotzRN2UcscRp3FPUJi0H4SVzzpiDPd8wKlgA==

"@swc/core-darwin-x64@1.2.187":
  version "1.2.187"
  resolved "https://registry.yarnpkg.com/@swc/core-darwin-x64/-/core-darwin-x64-1.2.187.tgz#504b4215daaa114b00e97589fed840b3a61f2bca"
  integrity sha512-guVAB8nKaVEiJoS7w8dR0dIr7w2ciuaRUvXLBGcC+CKd3oDq7NtSeKKIe1JQDwrfm2twkmcP0sHdqnfaJhrsFw==

"@swc/core-freebsd-x64@1.2.187":
  version "1.2.187"
  resolved "https://registry.yarnpkg.com/@swc/core-freebsd-x64/-/core-freebsd-x64-1.2.187.tgz#54ab8f0e189535defef4be851e376169514655ef"
  integrity sha512-eebNWhuu/hM5QcDgweG8YIhW89naXMfzOT81ag7ZfXIF/xY1w+3WAYJ7yAkyM+3gyJ0kO339KHFa0SWkdr7mLQ==

"@swc/core-linux-arm-gnueabihf@1.2.187":
  version "1.2.187"
  resolved "https://registry.yarnpkg.com/@swc/core-linux-arm-gnueabihf/-/core-linux-arm-gnueabihf-1.2.187.tgz#ded2cf9e7eb0f8b425e49b4ac3cbb402dbcdd828"
  integrity sha512-zR3dgMIg+QqFkKw9jcQfg7p4CzWcHxC3S/CFIBbYfYQkWQHaNHUa6NKMS3uyI9eUzgsaf+eXG7OdxiHS3pbldg==

"@swc/core-linux-arm64-gnu@1.2.187":
  version "1.2.187"
  resolved "https://registry.yarnpkg.com/@swc/core-linux-arm64-gnu/-/core-linux-arm64-gnu-1.2.187.tgz#fb76ae9d1dbabb06227c39b21bfbb295a1d3837a"
  integrity sha512-mqcYl2l727wWI95ndRVxCbHal0femZ7ie3ydL3eowtWBioiVaNJfntfaW8mToxZNRuiSMTdJJcxvcTVjXDpyvQ==

"@swc/core-linux-arm64-musl@1.2.187":
  version "1.2.187"
  resolved "https://registry.yarnpkg.com/@swc/core-linux-arm64-musl/-/core-linux-arm64-musl-1.2.187.tgz#da6f25348666927359b0339e51e0483c0fabd20a"
  integrity sha512-7ztKIJP9MM/VtpgSwYBs4SKCzCO+9lfJ+AzddnATLolm9vTGG7oWGHsgRT9mbzLPcVZV+kj7iDb1iFMksCDawg==

"@swc/core-linux-x64-gnu@1.2.187":
  version "1.2.187"
  resolved "https://registry.yarnpkg.com/@swc/core-linux-x64-gnu/-/core-linux-x64-gnu-1.2.187.tgz#9f65dc61df735bff7aa47a401547078cb8fad93d"
  integrity sha512-qnqEp6l3JRJZGHweTVem3bI1hU2VcCPItGFTB8/R+fCYxsb5J3QfK033GmcbS9KnRJ/SLNrH/enIVFE9of6WPA==

"@swc/core-linux-x64-musl@1.2.187":
  version "1.2.187"
  resolved "https://registry.yarnpkg.com/@swc/core-linux-x64-musl/-/core-linux-x64-musl-1.2.187.tgz#a9e4de84693f8250f3e0d60bbb359058029311c5"
  integrity sha512-Subo4jpmaZa3m0QVoZ3+O3vRpI2KpILRU2DIOBdKZ5aYIF3vAEa2g1TK2IknPSRnXNoq2Jlm6Gdqz6m1bJecYg==

"@swc/core-win32-arm64-msvc@1.2.187":
  version "1.2.187"
  resolved "https://registry.yarnpkg.com/@swc/core-win32-arm64-msvc/-/core-win32-arm64-msvc-1.2.187.tgz#c433ac4b796c1e620ccd7ad1d9bc53d314334d81"
  integrity sha512-xXXLaXOqQ9esDRjyV/FP+298vk5nB3p7MyVoPLg4blajbIUskXOPoGmG3FzaUFL2JM5GaEhBXg462d4GHzALbw==

"@swc/core-win32-ia32-msvc@1.2.187":
  version "1.2.187"
  resolved "https://registry.yarnpkg.com/@swc/core-win32-ia32-msvc/-/core-win32-ia32-msvc-1.2.187.tgz#d012375e2f37e5d5a62142b9a7a5b5695aad6bf8"
  integrity sha512-Gf0Jn+isYyojMlU/Pm0c/7HphC0/j34hzr8zddlbnTfjONJaALkbqnyOaNILK5vTJYNXywH4zY/TrBVP0kwrWw==

"@swc/core-win32-x64-msvc@1.2.187":
  version "1.2.187"
  resolved "https://registry.yarnpkg.com/@swc/core-win32-x64-msvc/-/core-win32-x64-msvc-1.2.187.tgz#f4883be94cd8b05f3e6a738f74288d805c0d55f9"
  integrity sha512-hLE4lXgKGvHK8f5f+6MXOZQ1ysVBZyfVDqvzNlObnjQENXQUpYuHfhXrc4Sh8AMtnj8h9JTjEJniO2/TT+kxsA==

"@swc/core@^1.2.172":
  version "1.2.187"
  resolved "https://registry.yarnpkg.com/@swc/core/-/core-1.2.187.tgz#b7f1b154404970716cfe68f26c50d598c4dcf845"
  integrity sha512-zNZtqNQAiEvnzGwVbEoIzvNhULMsSjpt3QxpRVfYV3i6tJ6jbTDa+wKu7mfhNfUTTW77aC7EiKlTRQMtFjKUbA==
  optionalDependencies:
    "@swc/core-android-arm-eabi" "1.2.187"
    "@swc/core-android-arm64" "1.2.187"
    "@swc/core-darwin-arm64" "1.2.187"
    "@swc/core-darwin-x64" "1.2.187"
    "@swc/core-freebsd-x64" "1.2.187"
    "@swc/core-linux-arm-gnueabihf" "1.2.187"
    "@swc/core-linux-arm64-gnu" "1.2.187"
    "@swc/core-linux-arm64-musl" "1.2.187"
    "@swc/core-linux-x64-gnu" "1.2.187"
    "@swc/core-linux-x64-musl" "1.2.187"
    "@swc/core-win32-arm64-msvc" "1.2.187"
    "@swc/core-win32-ia32-msvc" "1.2.187"
    "@swc/core-win32-x64-msvc" "1.2.187"

"@types/node@^17.0.34":
  version "17.0.35"
  resolved "https://registry.yarnpkg.com/@types/node/-/node-17.0.35.tgz#635b7586086d51fb40de0a2ec9d1014a5283ba4a"
  integrity sha512-vu1SrqBjbbZ3J6vwY17jBs8Sr/BKA+/a/WtjRG+whKg1iuLFOosq872EXS0eXWILdO36DHQQeku/ZcL6hz2fpg==

buffer-from@^1.0.0:
  version "1.1.2"
  resolved "https://registry.yarnpkg.com/buffer-from/-/buffer-from-1.1.2.tgz#2b146a6fd72e80b4f55d255f35ed59a3a9a41bd5"
  integrity sha512-E+XQCRwSbaaiChtv6k6Dwgc+bx+Bs6vuKJHHl5kox/BaKbhiXzqQOwK4cO22yElGp2OCmjwVhT3HmxgyPGnJfQ==

colorette@^2.0.16:
  version "2.0.16"
  resolved "https://registry.yarnpkg.com/colorette/-/colorette-2.0.16.tgz#713b9af84fdb000139f04546bd4a93f62a5085da"
  integrity sha512-hUewv7oMjCp+wkBv5Rm0v87eJhq4woh5rSR+42YSQJKecCqgIqNkZ6lAlQms/BwHPJA5NKMRlpxPRv0n8HQW6g==

debug@^4.3.4:
  version "4.3.4"
  resolved "https://registry.yarnpkg.com/debug/-/debug-4.3.4.tgz#1319f6579357f2338d3337d2cdd4914bb5dcc865"
  integrity sha512-PRWFHuSU3eDtQJPvnNY7Jcket1j0t5OuOsFzPPzsekD52Zl8qUfFIPEiswXqIvHWGVHOgX+7G/vCNNhehwxfkQ==
  dependencies:
    ms "2.1.2"

ms@2.1.2:
  version "2.1.2"
  resolved "https://registry.yarnpkg.com/ms/-/ms-2.1.2.tgz#d09d1f357b443f493382a8eb3ccd183872ae6009"
  integrity sha512-sGkPx+VjMtmA6MX27oA4FBFELFCZZ4S4XqeGOXCv68tT+jb3vk/RyaKWP0PTKyWtmLSM0b+adUTEvbs1PEaH2w==

pirates@^4.0.5:
  version "4.0.5"
  resolved "https://registry.yarnpkg.com/pirates/-/pirates-4.0.5.tgz#feec352ea5c3268fb23a37c702ab1699f35a5f3b"
  integrity sha512-8V9+HQPupnaXMA23c5hvl69zXvTwTzyAYasnkb0Tts4XvO4CliqONMOnvlq26rkhLC3nWDFBJf73LU1e1VZLaQ==

source-map-support@^0.5.21:
  version "0.5.21"
  resolved "https://registry.yarnpkg.com/source-map-support/-/source-map-support-0.5.21.tgz#04fe7c7f9e1ed2d662233c28cb2b35b9f63f6e4f"
  integrity sha512-uBHU3L3czsIyYXKX88fdrGovxdSCoTGDRZ6SYXtSRxLZUzHg5P/66Ht6uoUlHu9EZod+inXhKo3qQgwXUT/y1w==
  dependencies:
    buffer-from "^1.0.0"
    source-map "^0.6.0"

source-map@^0.6.0:
  version "0.6.1"
  resolved "https://registry.yarnpkg.com/source-map/-/source-map-0.6.1.tgz#74722af32e9614e9c287a8d0bbde48b5e2f1a263"
  integrity sha512-UjgapumWlbMhkBgzT7Ykc5YXUT46F0iKu8SGXq0bcwP5dz/h0Plj6enJqjz1Zbq2l5WaqYnrVbwWOWMyF3F47g==

tslib@^2.4.0:
  version "2.4.0"
  resolved "https://registry.yarnpkg.com/tslib/-/tslib-2.4.0.tgz#7cecaa7f073ce680a05847aa77be941098f36dc3"
  integrity sha512-d6xOpEDfsi2CZVlPQzGeux8XMwLT9hssAsaPYExaQMuYskwb+x1x7J371tWlbBdWHroy99KnVB6qIkUbs5X3UQ==

typescript@^4.6.4:
  version "4.6.4"
  resolved "https://registry.yarnpkg.com/typescript/-/typescript-4.6.4.tgz#caa78bbc3a59e6a5c510d35703f6a09877ce45e9"
  integrity sha512-9ia/jWHIEbo49HfjrLGfKbZSuWo9iTMwXO+Ca3pRsSpbsMbc7/IU8NKdCZVRRBafVPGnoJeFL76ZOAA84I9fEg==
